{
  "requires": true,
  "lockfileVersion": 1,
  "dependencies": {
    "crawler": {
      "version": "1.2.0",
      "resolved": "http://registry.npm.taobao.org/crawler/download/crawler-1.2.0.tgz",
      "dev": true,
      "dependencies": {
        "bottleneckp": {
          "version": "http://registry.npm.taobao.org/bottleneckp/download/bottleneckp-1.1.3.tgz",
          "bundled": true
        },
        "charset-parser": {
          "version": "http://registry.npm.taobao.org/charset-parser/download/charset-parser-0.2.0.tgz",
          "bundled": true
        },
        "cheerio": {
          "version": "http://registry.npm.taobao.org/cheerio/download/cheerio-0.22.0.tgz",
          "bundled": true
        },
        "iconv-lite": {
          "version": "http://registry.npm.taobao.org/iconv-lite/download/iconv-lite-0.4.24.tgz",
          "bundled": true
        },
        "lodash": {
          "version": "http://registry.npm.taobao.org/lodash/download/lodash-4.17.11.tgz",
          "bundled": true
        },
        "request": {
          "version": "http://registry.npm.taobao.org/request/download/request-2.87.0.tgz",
          "bundled": true
        },
        "seenreq": {
          "version": "http://registry.npm.taobao.org/seenreq/download/seenreq-0.1.14.tgz",
          "bundled": true
        },
        "type-is": {
          "version": "http://registry.npm.taobao.org/type-is/download/type-is-1.6.16.tgz",
          "bundled": true
        }
      }
    },
    "jsdom": {
      "version": "12.0.0",
      "resolved": "http://registry.npm.taobao.org/jsdom/download/jsdom-12.0.0.tgz",
      "dev": true,
      "dependencies": {
        "abab": {
          "version": "http://registry.npm.taobao.org/abab/download/abab-2.0.0.tgz",
          "bundled": true
        },
        "acorn": {
          "version": "http://registry.npm.taobao.org/acorn/download/acorn-5.7.3.tgz",
          "bundled": true
        },
        "acorn-globals": {
          "version": "http://registry.npm.taobao.org/acorn-globals/download/acorn-globals-4.3.0.tgz",
          "bundled": true,
          "dependencies": {
            "acorn": {
              "version": "http://registry.npm.taobao.org/acorn/download/acorn-6.0.1.tgz"
            },
            "acorn-walk": {
              "version": "http://registry.npm.taobao.org/acorn-walk/download/acorn-walk-6.0.1.tgz"
            }
          }
        },
        "array-equal": {
          "version": "http://registry.npm.taobao.org/array-equal/download/array-equal-1.0.0.tgz",
          "bundled": true
        },
        "cssom": {
          "version": "http://registry.npm.taobao.org/cssom/download/cssom-0.3.4.tgz",
          "bundled": true
        },
        "cssstyle": {
          "version": "http://registry.npm.taobao.org/cssstyle/download/cssstyle-1.1.1.tgz",
          "bundled": true
        },
        "data-urls": {
          "version": "http://registry.npm.taobao.org/data-urls/download/data-urls-1.0.1.tgz",
          "bundled": true
        },
        "domexception": {
          "version": "http://registry.npm.taobao.org/domexception/download/domexception-1.0.1.tgz",
          "bundled": true
        },
        "escodegen": {
          "version": "http://registry.npm.taobao.org/escodegen/download/escodegen-1.11.0.tgz",
          "bundled": true
        },
        "html-encoding-sniffer": {
          "version": "http://registry.npm.taobao.org/html-encoding-sniffer/download/html-encoding-sniffer-1.0.2.tgz",
          "bundled": true
        },
        "nwsapi": {
          "version": "http://registry.npm.taobao.org/nwsapi/download/nwsapi-2.0.9.tgz",
          "bundled": true
        },
        "parse5": {
          "version": "http://registry.npm.taobao.org/parse5/download/parse5-5.1.0.tgz",
          "bundled": true
        },
        "pn": {
          "version": "http://registry.npm.taobao.org/pn/download/pn-1.1.0.tgz",
          "bundled": true
        },
        "request": {
          "version": "http://registry.npm.taobao.org/request/download/request-2.88.0.tgz",
          "bundled": true
        },
        "request-promise-native": {
          "version": "http://registry.npm.taobao.org/request-promise-native/download/request-promise-native-1.0.5.tgz",
          "bundled": true,
          "dependencies": {
            "request": {
              "version": "http://registry.npm.taobao.org/request/download/request-2.88.0.tgz",
              "dependencies": {
                "aws-sign2": {
                  "version": "http://registry.npm.taobao.org/aws-sign2/download/aws-sign2-0.7.0.tgz"
                },
                "aws4": {
                  "version": "http://registry.npm.taobao.org/aws4/download/aws4-1.8.0.tgz"
                },
                "caseless": {
                  "version": "http://registry.npm.taobao.org/caseless/download/caseless-0.12.0.tgz"
                },
                "combined-stream": {
                  "version": "http://registry.npm.taobao.org/combined-stream/download/combined-stream-1.0.6.tgz"
                },
                "extend": {
                  "version": "http://registry.npm.taobao.org/extend/download/extend-3.0.2.tgz"
                },
                "forever-agent": {
                  "version": "http://registry.npm.taobao.org/forever-agent/download/forever-agent-0.6.1.tgz"
                },
                "form-data": {
                  "version": "http://registry.npm.taobao.org/form-data/download/form-data-2.3.2.tgz",
                  "dependencies": {
                    "asynckit": {
                      "version": "http://registry.npm.taobao.org/asynckit/download/asynckit-0.4.0.tgz"
                    },
                    "combined-stream": {
                      "version": "http://registry.npm.taobao.org/combined-stream/download/combined-stream-1.0.6.tgz",
                      "dependencies": {
                        "delayed-stream": {
                          "version": "http://registry.npm.taobao.org/delayed-stream/download/delayed-stream-1.0.0.tgz"
                        }
                      }
                    },
                    "mime-types": {
                      "version": "http://registry.npm.taobao.org/mime-types/download/mime-types-2.1.20.tgz"
                    }
                  }
                },
                "har-validator": {
                  "version": "http://registry.npm.taobao.org/har-validator/download/har-validator-5.1.0.tgz",
                  "dependencies": {
                    "ajv": {
                      "version": "http://registry.npm.taobao.org/ajv/download/ajv-5.5.2.tgz",
                      "dependencies": {
                        "co": {
                          "version": "http://registry.npm.taobao.org/co/download/co-4.6.0.tgz",
                          "bundled": true
                        },
                        "fast-deep-equal": {
                          "version": "http://registry.npm.taobao.org/fast-deep-equal/download/fast-deep-equal-1.1.0.tgz",
                          "bundled": true
                        },
                        "fast-json-stable-stringify": {
                          "version": "http://registry.npm.taobao.org/fast-json-stable-stringify/download/fast-json-stable-stringify-2.0.0.tgz",
                          "bundled": true
                        },
                        "json-schema-traverse": {
                          "version": "http://registry.npm.taobao.org/json-schema-traverse/download/json-schema-traverse-0.3.1.tgz",
                          "bundled": true
                        }
                      }
                    },
                    "har-schema": {
                      "version": "http://registry.npm.taobao.org/har-schema/download/har-schema-2.0.0.tgz"
                    }
                  }
                },
                "http-signature": {
                  "version": "http://registry.npm.taobao.org/http-signature/download/http-signature-1.2.0.tgz",
                  "dependencies": {
                    "assert-plus": {
                      "version": "http://registry.npm.taobao.org/assert-plus/download/assert-plus-1.0.0.tgz"
                    },
                    "jsprim": {
                      "version": "http://registry.npm.taobao.org/jsprim/download/jsprim-1.4.1.tgz"
                    },
                    "sshpk": {
                      "version": "http://registry.npm.taobao.org/sshpk/download/sshpk-1.14.2.tgz"
                    }
                  }
                },
                "is-typedarray": {
                  "version": "http://registry.npm.taobao.org/is-typedarray/download/is-typedarray-1.0.0.tgz"
                },
                "isstream": {
                  "version": "http://registry.npm.taobao.org/isstream/download/isstream-0.1.2.tgz"
                },
                "json-stringify-safe": {
                  "version": "http://registry.npm.taobao.org/json-stringify-safe/download/json-stringify-safe-5.0.1.tgz"
                },
                "mime-types": {
                  "version": "http://registry.npm.taobao.org/mime-types/download/mime-types-2.1.20.tgz",
                  "dependencies": {
                    "mime-db": {
                      "version": "http://registry.npm.taobao.org/mime-db/download/mime-db-1.36.0.tgz",
                      "bundled": true
                    }
                  }
                },
                "oauth-sign": {
                  "version": "http://registry.npm.taobao.org/oauth-sign/download/oauth-sign-0.9.0.tgz"
                },
                "performance-now": {
                  "version": "http://registry.npm.taobao.org/performance-now/download/performance-now-2.1.0.tgz"
                },
                "qs": {
                  "version": "http://registry.npm.taobao.org/qs/download/qs-6.5.2.tgz"
                },
                "safe-buffer": {
                  "version": "http://registry.npm.taobao.org/safe-buffer/download/safe-buffer-5.1.2.tgz"
                },
                "tough-cookie": {
                  "version": "http://registry.npm.taobao.org/tough-cookie/download/tough-cookie-2.4.3.tgz"
                },
                "tunnel-agent": {
                  "version": "http://registry.npm.taobao.org/tunnel-agent/download/tunnel-agent-0.6.0.tgz",
                  "dependencies": {
                    "safe-buffer": {
                      "version": "http://registry.npm.taobao.org/safe-buffer/download/safe-buffer-5.1.2.tgz"
                    }
                  }
                },
                "uuid": {
                  "version": "http://registry.npm.taobao.org/uuid/download/uuid-3.3.2.tgz"
                }
              }
            }
          }
        },
        "sax": {
          "version": "http://registry.npm.taobao.org/sax/download/sax-1.2.4.tgz",
          "bundled": true
        },
        "symbol-tree": {
          "version": "http://registry.npm.taobao.org/symbol-tree/download/symbol-tree-3.2.2.tgz",
          "bundled": true
        },
        "tough-cookie": {
          "version": "http://registry.npm.taobao.org/tough-cookie/download/tough-cookie-2.4.3.tgz",
          "bundled": true,
          "dependencies": {
            "psl": {
              "version": "http://registry.npm.taobao.org/psl/download/psl-1.1.29.tgz"
            },
            "punycode": {
              "version": "http://registry.npm.taobao.org/punycode/download/punycode-1.4.1.tgz"
            }
          }
        },
        "w3c-hr-time": {
          "version": "http://registry.npm.taobao.org/w3c-hr-time/download/w3c-hr-time-1.0.1.tgz",
          "bundled": true
        },
        "webidl-conversions": {
          "version": "http://registry.npm.taobao.org/webidl-conversions/download/webidl-conversions-4.0.2.tgz",
          "bundled": true
        },
        "whatwg-encoding": {
          "version": "http://registry.npm.taobao.org/whatwg-encoding/download/whatwg-encoding-1.0.4.tgz",
          "bundled": true,
          "dependencies": {
            "iconv-lite": {
              "version": "http://registry.npm.taobao.org/iconv-lite/download/iconv-lite-0.4.23.tgz",
              "bundled": true
            }
          }
        },
        "whatwg-mimetype": {
          "version": "http://registry.npm.taobao.org/whatwg-mimetype/download/whatwg-mimetype-2.2.0.tgz",
          "bundled": true
        },
        "whatwg-url": {
          "version": "http://registry.npm.taobao.org/whatwg-url/download/whatwg-url-7.0.0.tgz",
          "bundled": true,
          "dependencies": {
            "lodash.sortby": {
              "version": "http://registry.npm.taobao.org/lodash.sortby/download/lodash.sortby-4.7.0.tgz"
            },
            "tr46": {
              "version": "http://registry.npm.taobao.org/tr46/download/tr46-1.0.1.tgz"
            },
            "webidl-conversions": {
              "version": "http://registry.npm.taobao.org/webidl-conversions/download/webidl-conversions-4.0.2.tgz"
            }
          }
        },
        "ws": {
          "version": "http://registry.npm.taobao.org/ws/download/ws-6.0.0.tgz",
          "bundled": true
        },
        "xml-name-validator": {
          "version": "http://registry.npm.taobao.org/xml-name-validator/download/xml-name-validator-3.0.0.tgz",
          "bundled": true
        }
      }
    }
  }
}
